
Microsoft Visual Studio Solution File, Format Version 12.00
# Visual Studio Version 16
VisualStudioVersion = 16.0.29503.13
MinimumVisualStudioVersion = 10.0.40219.1
Project("{FAE04EC0-301F-11D3-BF4B-00C04F79EFBC}") = "WingtipToys", "WingtipToys\WingtipToys.csproj", "{BCFAEC2E-3CFD-4367-B0A8-A9224FEC722B}"
EndProject
Global
	GlobalSection(SolutionConfigurationPlatforms) = preSolution
		Debug|Any CPU = Debug|Any CPU
		Release|Any CPU = Release|Any CPU
	EndGlobalSection
	GlobalSection(ProjectConfigurationPlatforms) = postSolution
		{BCFAEC2E-3CFD-4367-B0A8-A9224FEC722B}.Debug|Any CPU.ActiveCfg = Debug|Any CPU
		{BCFAEC2E-3CFD-4367-B0A8-A9224FEC722B}.Debug|Any CPU.Build.0 = Debug|Any CPU
		{BCFAEC2E-3CFD-4367-B0A8-A9224FEC722B}.Release|Any CPU.ActiveCfg = Release|Any CPU
		{BCFAEC2E-3CFD-4367-B0A8-A9224FEC722B}.Release|Any CPU.Build.0 = Release|Any CPU
	EndGlobalSection
	GlobalSection(SolutionProperties) = preSolution
		HideSolutionNode = FALSE
	EndGlobalSection
	GlobalSection(ExtensibilityGlobals) = postSolution
		SolutionGuid = {18B30DE1-AD69-4241-B5D2-21DD468683EC}
	EndGlobalSection
EndGlobal
